
Microsoft Visual Studio Solution File, Format Version 12.00
# Visual Studio Version 17
VisualStudioVersion = 17.4.33213.308
MinimumVisualStudioVersion = 10.0.40219.1
Project("{FAE04EC0-301F-11D3-BF4B-00C04F79EFBC}") = "BMW", "BMW\BMW.csproj", "{49A84173-0EAC-407B-BC39-AFA069A5F517}"
EndProject
Global
	GlobalSection(SolutionConfigurationPlatforms) = preSolution
		Debug|Any CPU = Debug|Any CPU
		Release|Any CPU = Release|Any CPU
	EndGlobalSection
	GlobalSection(ProjectConfigurationPlatforms) = postSolution
		{49A84173-0EAC-407B-BC39-AFA069A5F517}.Debug|Any CPU.ActiveCfg = Debug|Any CPU
		{49A84173-0EAC-407B-BC39-AFA069A5F517}.Debug|Any CPU.Build.0 = Debug|Any CPU
		{49A84173-0EAC-407B-BC39-AFA069A5F517}.Release|Any CPU.ActiveCfg = Release|Any CPU
		{49A84173-0EAC-407B-BC39-AFA069A5F517}.Release|Any CPU.Build.0 = Release|Any CPU
	EndGlobalSection
	GlobalSection(SolutionProperties) = preSolution
		HideSolutionNode = FALSE
	EndGlobalSection
	GlobalSection(ExtensibilityGlobals) = postSolution
		SolutionGuid = {6D4B46DB-5D10-4BC4-BA63-C15EAA262CC9}
	EndGlobalSection
EndGlobal
